
Microsoft Visual Studio Solution File, Format Version 12.00
# Visual Studio 2012
Project("{FAE04EC0-301F-11D3-BF4B-00C04F79EFBC}") = "BKGoRehab", "BKGoRehab\BKGoRehab.csproj", "{43906BF6-9E1C-44E9-B283-A18F6B2E1172}"
EndProject
Global
	GlobalSection(SolutionConfigurationPlatforms) = preSolution
		Debug|Any CPU = Debug|Any CPU
		Release|Any CPU = Release|Any CPU
	EndGlobalSection
	GlobalSection(ProjectConfigurationPlatforms) = postSolution
		{43906BF6-9E1C-44E9-B283-A18F6B2E1172}.Debug|Any CPU.ActiveCfg = Debug|Any CPU
		{43906BF6-9E1C-44E9-B283-A18F6B2E1172}.Debug|Any CPU.Build.0 = Debug|Any CPU
		{43906BF6-9E1C-44E9-B283-A18F6B2E1172}.Release|Any CPU.ActiveCfg = Release|Any CPU
		{43906BF6-9E1C-44E9-B283-A18F6B2E1172}.Release|Any CPU.Build.0 = Release|Any CPU
	EndGlobalSection
	GlobalSection(SolutionProperties) = preSolution
		HideSolutionNode = FALSE
	EndGlobalSection
EndGlobal
